{
  "requires": true,
  "lockfileVersion": 1,
  "dependencies": {
    "claygl": {
      "version": "1.2.3",
      "resolved": "https://registry.npmjs.org/claygl/-/claygl-1.2.3.tgz",
      "integrity": "sha512-Egk/5+yJV85aSXaWP2pmyM38+8DhKOhvpHmQRjCnhLD5adU7SvNNpy4BUSc7cTGpuZ67Em8579oVWzkCLJXhgA=="
    },
    "echarts": {
      "version": "4.2.0-rc.2",
      "resolved": "https://registry.npmjs.org/echarts/-/echarts-4.2.0-rc.2.tgz",
      "integrity": "sha512-5Y4Kyi4eNsRM9Cnl7Q8C6PFVjznBJv1VIiMm/VSQ9zyqeo+ce1695GqUd9v4zfVx+Ow1gnwMJX67h0FNvarScw==",
      "requires": {
        "zrender": "4.0.5"
      },
      "dependencies": {
        "zrender": {
          "version": "4.0.5",
          "resolved": "https://registry.npmjs.org/zrender/-/zrender-4.0.5.tgz",
          "integrity": "sha512-SintgipGEJPT9Sz2ABRoE4ZD7Yzy7oR7j7KP6H+C9FlbHWnLUfGVK7E8UV27pGwlxAMB0EsnrqhXx5XjAfv/KA=="
        }
      }
    },
    "echarts-gl": {
      "version": "1.1.1",
      "resolved": "https://registry.npmjs.org/echarts-gl/-/echarts-gl-1.1.1.tgz",
      "integrity": "sha512-cRSTU9H+Ay+qCUFowm+2XcxYqCfi/OLK805NISeJunKgJa5p+7p7tnHZoI0qKebjtHu8VbFSOBk9UvWZ01adng==",
      "requires": {
        "claygl": "^1.2.1",
        "zrender": "^4.0.4"
      }
    },
    "lodash": {
      "version": "4.17.11",
      "resolved": "https://registry.npmjs.org/lodash/-/lodash-4.17.11.tgz",
      "integrity": "sha512-cQKh8igo5QUhZ7lg38DYWAxMvjSAKG0A8wGSVimP07SIUEK2UO+arSRKbRZWtelMtN5V0Hkwh5ryOto/SshYIg=="
    },
    "resize-detector": {
      "version": "0.1.9",
      "resolved": "https://registry.npmjs.org/resize-detector/-/resize-detector-0.1.9.tgz",
      "integrity": "sha512-dZ70I6+XErJ+bQAqc4e/AoAYaKKfdRS4/OLlYykTnaY753E97thIEbZLtJMXm8Uc5qG0lnC7DLfedd52PZpSwg=="
    },
    "vue-echarts": {
      "version": "3.1.3",
      "resolved": "https://registry.npmjs.org/vue-echarts/-/vue-echarts-3.1.3.tgz",
      "integrity": "sha512-qAGWNnTQ8rXN/Q4/krfcOpHmmlRfAXaT8penBiG6+USnYQo8W3Misjw2RezSfjCGrDcDkrylScpufNu8dwRFRA==",
      "requires": {
        "echarts": "^4.1.0",
        "lodash": "^4.17.10",
        "resize-detector": "^0.1.7"
      },
      "dependencies": {
        "echarts": {
          "version": "4.1.0",
          "resolved": "https://registry.npmjs.org/echarts/-/echarts-4.1.0.tgz",
          "integrity": "sha512-gP1e1fNnAj9KJpTDLXV21brklbfJlqeINmpQDJCDta9TX3cPoqyQOiDVcEPzbOVHqgBRgTOwNxC5iGwJ89014A==",
          "requires": {
            "zrender": "4.0.4"
          }
        }
      }
    },
    "zrender": {
      "version": "4.0.4",
      "resolved": "https://registry.npmjs.org/zrender/-/zrender-4.0.4.tgz",
      "integrity": "sha512-03Vd/BDl/cPXp8E61f5+Xbgr/a4vDyFA+uUtUc1s+5KgcPbyY2m+78R/9LQwkR6QwFYHG8qk25Q8ESGs/qpkZw=="
    }
  }
}
